
Microsoft Visual Studio Solution File, Format Version 12.00
# Visual Studio 15
VisualStudioVersion = 15.0.28307.1062
MinimumVisualStudioVersion = 10.0.40219.1
Project("{FAE04EC0-301F-11D3-BF4B-00C04F79EFBC}") = "excel_veri_okuma_example", "excel_veri_okuma_example\excel_veri_okuma_example.csproj", "{FE68E35E-3A43-4ADC-86B4-21BCBBBFBF68}"
EndProject
Global
	GlobalSection(SolutionConfigurationPlatforms) = preSolution
		Debug|Any CPU = Debug|Any CPU
		Release|Any CPU = Release|Any CPU
	EndGlobalSection
	GlobalSection(ProjectConfigurationPlatforms) = postSolution
		{FE68E35E-3A43-4ADC-86B4-21BCBBBFBF68}.Debug|Any CPU.ActiveCfg = Debug|Any CPU
		{FE68E35E-3A43-4ADC-86B4-21BCBBBFBF68}.Debug|Any CPU.Build.0 = Debug|Any CPU
		{FE68E35E-3A43-4ADC-86B4-21BCBBBFBF68}.Release|Any CPU.ActiveCfg = Release|Any CPU
		{FE68E35E-3A43-4ADC-86B4-21BCBBBFBF68}.Release|Any CPU.Build.0 = Release|Any CPU
	EndGlobalSection
	GlobalSection(SolutionProperties) = preSolution
		HideSolutionNode = FALSE
	EndGlobalSection
	GlobalSection(ExtensibilityGlobals) = postSolution
		SolutionGuid = {D15F75E4-F020-41DB-B648-6F251E2E7259}
	EndGlobalSection
EndGlobal
